{
  "nodes": {
    "agenix": {
      "inputs": {
        "flake-utils": "flake-utils",
        "nixpkgs": [
          "nixpkgs"
        ]
      },
      "locked": {
        "lastModified": 1609364598,
        "narHash": "sha256-dKFCWfUKXRP1z0k/bRMoDOuT0iKM5/starxgG0jn7Ek=",
        "owner": "ryantm",
        "repo": "agenix",
        "rev": "37b1d2aa3f2afd196350e43b5e90e8bfd8718d90",
        "type": "github"
      },
      "original": {
        "owner": "ryantm",
        "repo": "agenix",
        "type": "github"
      }
    },
    "cachix": {
      "locked": {
        "lastModified": 1612060807,
        "narHash": "sha256-ht+Dr/lo+8hjsxXbRZPjs8JrTNxaHxq94RKwZxUImUM=",
        "owner": "nixos",
        "repo": "nixpkgs",
        "rev": "f18fbc33930d7569cfedb8acd75177d0ff7c8678",
        "type": "github"
      },
      "original": {
        "owner": "nixos",
        "ref": "nixos-20.09",
        "repo": "nixpkgs",
        "type": "github"
      }
    },
    "emacs-overlay": {
      "locked": {
        "lastModified": 1612186696,
        "narHash": "sha256-1/Q8xtR02MzJv9YijkUr6pz1JqxDX+j4Ux8Ikt/izeo=",
        "owner": "nix-community",
        "repo": "emacs-overlay",
        "rev": "6727dff8157c22dae5b9ff5369a805cd812b5913",
        "type": "github"
      },
      "original": {
        "owner": "nix-community",
        "repo": "emacs-overlay",
        "type": "github"
      }
    },
    "flake-utils": {
      "locked": {
        "lastModified": 1600209923,
        "narHash": "sha256-zoOWauTliFEjI++esk6Jzk7QO5EKpddWXQm9yQK24iM=",
        "owner": "numtide",
        "repo": "flake-utils",
        "rev": "3cd06d3c1df6879c9e41cb2c33113df10566c760",
        "type": "github"
      },
      "original": {
        "owner": "numtide",
        "repo": "flake-utils",
        "type": "github"
      }
    },
    "home-manager": {
      "inputs": {
        "nixpkgs": [
          "nixpkgs"
        ]
      },
      "locked": {
        "lastModified": 1612092990,
        "narHash": "sha256-URLpFNVqrZ/Hectz04KXbtfSCW3muw8V08yKpCmoT4Y=",
        "owner": "rycee",
        "repo": "home-manager",
        "rev": "df7d81b0b322c793f1b0e99f7a1e14d91b5312fb",
        "type": "github"
      },
      "original": {
        "owner": "rycee",
        "ref": "master",
        "repo": "home-manager",
        "type": "github"
      }
    },
    "nixos-hardware": {
      "locked": {
        "lastModified": 1611383797,
        "narHash": "sha256-FIpG2f4+d9UsXCogBTswoPjD/aWZ3dvV5TZjqlL4gyM=",
        "owner": "nixos",
        "repo": "nixos-hardware",
        "rev": "a0d8383c422f85f37fccee5af74b1cb4b52287d9",
        "type": "github"
      },
      "original": {
        "owner": "nixos",
        "repo": "nixos-hardware",
        "type": "github"
      }
    },
    "nixpkgs": {
      "locked": {
        "lastModified": 1612186931,
        "narHash": "sha256-5VyO+63TThJzHcRfmwQ8sJ0OpCREzBCaxBnYGTI/iRY=",
        "owner": "NixOS",
        "repo": "nixpkgs",
        "rev": "26187c65b637c2ee2a27674a5585af8106878736",
        "type": "github"
      },
      "original": {
        "id": "nixpkgs",
        "ref": "master",
        "type": "indirect"
      }
    },
    "nixpkgs-unstable": {
      "locked": {
        "lastModified": 1612186931,
        "narHash": "sha256-5VyO+63TThJzHcRfmwQ8sJ0OpCREzBCaxBnYGTI/iRY=",
        "owner": "NixOS",
        "repo": "nixpkgs",
        "rev": "26187c65b637c2ee2a27674a5585af8106878736",
        "type": "github"
      },
      "original": {
        "id": "nixpkgs",
        "ref": "master",
        "type": "indirect"
      }
    },
    "root": {
      "inputs": {
        "agenix": "agenix",
        "emacs-overlay": "emacs-overlay",
        "home-manager": "home-manager",
        "nixos-hardware": "nixos-hardware",
        "nixpkgs": "nixpkgs",
        "nixpkgs-unstable": "nixpkgs-unstable",
        "wayland-overlay": "wayland-overlay"
      }
    },
    "unstableSmall": {
      "locked": {
        "lastModified": 1612144587,
        "narHash": "sha256-rzMjkE5FWX9XUklt2JYrY/VIa8AJzMYr+87aW9m8DpE=",
        "owner": "nixos",
        "repo": "nixpkgs",
        "rev": "86d5d9650d39128b028d0de33c5354cc20bb4608",
        "type": "github"
      },
      "original": {
        "owner": "nixos",
        "ref": "nixos-unstable-small",
        "repo": "nixpkgs",
        "type": "github"
      }
    },
    "wayland-overlay": {
      "inputs": {
        "cachix": "cachix",
        "nixpkgs": [
          "nixpkgs"
        ],
        "unstableSmall": "unstableSmall"
      },
      "locked": {
        "lastModified": 1612184910,
        "narHash": "sha256-IKJheBxxohNpa3rXN73xjujsAu/hv/sEYztioPGXV2A=",
        "owner": "colemickens",
        "repo": "nixpkgs-wayland",
        "rev": "f36688286b5bbd3f8c2d4ac3fd52eddd1e359f93",
        "type": "github"
      },
      "original": {
        "owner": "colemickens",
        "repo": "nixpkgs-wayland",
        "type": "github"
      }
    }
  },
  "root": "root",
  "version": 7
}
